// !$*UTF8*$!
{
	archiveVersion = 1;
	classes = {
	};
	objectVersion = 56;
	objects = {

/* Begin PBXBuildFile section */
		255C15442A9CE35A003C777D /* FimView.swift in Sources */ = {isa = PBXBuildFile; fileRef = 255C15432A9CE35A003C777D /* FimView.swift */; };
		256EA48A2A9E179C00F0F103 /* GameRepository.swift in Sources */ = {isa = PBXBuildFile; fileRef = 256EA4892A9E179C00F0F103 /* GameRepository.swift */; };
		54C9D8952A83D8750038968C /* Mini2App.swift in Sources */ = {isa = PBXBuildFile; fileRef = 54C9D8942A83D8750038968C /* Mini2App.swift */; };
		54C9D8992A83D8760038968C /* Assets.xcassets in Resources */ = {isa = PBXBuildFile; fileRef = 54C9D8982A83D8760038968C /* Assets.xcassets */; };
		54C9D89C2A83D8760038968C /* Preview Assets.xcassets in Resources */ = {isa = PBXBuildFile; fileRef = 54C9D89B2A83D8760038968C /* Preview Assets.xcassets */; };
		54E037052A9CD75400413F37 /* SelectKingView.swift in Sources */ = {isa = PBXBuildFile; fileRef = 54E037042A9CD75400413F37 /* SelectKingView.swift */; };
		54E037072A9D42C300413F37 /* RulesAndInfoView.swift in Sources */ = {isa = PBXBuildFile; fileRef = 54E037062A9D42C300413F37 /* RulesAndInfoView.swift */; };
		54E0370B2A9D42E200413F37 /* Category.swift in Sources */ = {isa = PBXBuildFile; fileRef = 54E037092A9D42E200413F37 /* Category.swift */; };
		54E0370F2A9D43C100413F37 /* Game.swift in Sources */ = {isa = PBXBuildFile; fileRef = 54E0370E2A9D43C100413F37 /* Game.swift */; };
		54EEEFDB2A9E31AE003256BC /* Player.swift in Sources */ = {isa = PBXBuildFile; fileRef = 54EEEFDA2A9E31AE003256BC /* Player.swift */; };
		54EEEFDE2A9E31B7003256BC /* AddPlayerView.swift in Sources */ = {isa = PBXBuildFile; fileRef = 54EEEFDC2A9E31B7003256BC /* AddPlayerView.swift */; };
		54EEEFDF2A9E31B7003256BC /* GameListView.swift in Sources */ = {isa = PBXBuildFile; fileRef = 54EEEFDD2A9E31B7003256BC /* GameListView.swift */; };
		54EEEFE12A9F64CF003256BC /* PlayerManager.swift in Sources */ = {isa = PBXBuildFile; fileRef = 54EEEFE02A9F64CF003256BC /* PlayerManager.swift */; };
		5A08EF752A9CD6AD001B0411 /* TimerView.swift in Sources */ = {isa = PBXBuildFile; fileRef = 5A08EF742A9CD6AD001B0411 /* TimerView.swift */; };
		81683E792AA75AB00046064F /* PrimaryButton.swift in Sources */ = {isa = PBXBuildFile; fileRef = 81683E782AA75AB00046064F /* PrimaryButton.swift */; };
		81683E7B2AA75D430046064F /* Grandstander in Resources */ = {isa = PBXBuildFile; fileRef = 81683E7A2AA75D430046064F /* Grandstander */; };
		81C1F3612A9E330B001A15AB /* SceneManager.swift in Sources */ = {isa = PBXBuildFile; fileRef = 81C1F3602A9E330B001A15AB /* SceneManager.swift */; };
		81C1F3632A9E3317001A15AB /* SceneManagerView.swift in Sources */ = {isa = PBXBuildFile; fileRef = 81C1F3622A9E3317001A15AB /* SceneManagerView.swift */; };
		81E6F3652AA760E400ABFDE0 /* Grandstander-VariableFont_wght.ttf in Resources */ = {isa = PBXBuildFile; fileRef = 81E6F3642AA760E400ABFDE0 /* Grandstander-VariableFont_wght.ttf */; };
		81E6F3662AA7644B00ABFDE0 /* Grandstander-Bold.ttf in Resources */ = {isa = PBXBuildFile; fileRef = 8187ACA02AA76012006E0E1B /* Grandstander-Bold.ttf */; };
		81E6F3682AA7670D00ABFDE0 /* SecondaryButton.swift in Sources */ = {isa = PBXBuildFile; fileRef = 81E6F3672AA7670D00ABFDE0 /* SecondaryButton.swift */; };
		81E9AF7E2AA25BB700298A52 /* Top10.swift in Sources */ = {isa = PBXBuildFile; fileRef = 81E9AF7D2AA25BB700298A52 /* Top10.swift */; };
		81E9AF802AA2718400298A52 /* Top10View.swift in Sources */ = {isa = PBXBuildFile; fileRef = 81E9AF7F2AA2718400298A52 /* Top10View.swift */; };
/* End PBXBuildFile section */

/* Begin PBXFileReference section */
		255C15432A9CE35A003C777D /* FimView.swift */ = {isa = PBXFileReference; lastKnownFileType = sourcecode.swift; path = FimView.swift; sourceTree = "<group>"; };
		256EA4892A9E179C00F0F103 /* GameRepository.swift */ = {isa = PBXFileReference; lastKnownFileType = sourcecode.swift; path = GameRepository.swift; sourceTree = "<group>"; };
		54C9D8912A83D8750038968C /* Mini2.app */ = {isa = PBXFileReference; explicitFileType = wrapper.application; includeInIndex = 0; path = Mini2.app; sourceTree = BUILT_PRODUCTS_DIR; };
		54C9D8942A83D8750038968C /* Mini2App.swift */ = {isa = PBXFileReference; lastKnownFileType = sourcecode.swift; path = Mini2App.swift; sourceTree = "<group>"; };
		54C9D8982A83D8760038968C /* Assets.xcassets */ = {isa = PBXFileReference; lastKnownFileType = folder.assetcatalog; path = Assets.xcassets; sourceTree = "<group>"; };
		54C9D89B2A83D8760038968C /* Preview Assets.xcassets */ = {isa = PBXFileReference; lastKnownFileType = folder.assetcatalog; path = "Preview Assets.xcassets"; sourceTree = "<group>"; };
		54E037042A9CD75400413F37 /* SelectKingView.swift */ = {isa = PBXFileReference; lastKnownFileType = sourcecode.swift; path = SelectKingView.swift; sourceTree = "<group>"; };
		54E037062A9D42C300413F37 /* RulesAndInfoView.swift */ = {isa = PBXFileReference; fileEncoding = 4; lastKnownFileType = sourcecode.swift; path = RulesAndInfoView.swift; sourceTree = "<group>"; };
		54E037092A9D42E200413F37 /* Category.swift */ = {isa = PBXFileReference; fileEncoding = 4; lastKnownFileType = sourcecode.swift; name = Category.swift; path = Mini2/Classes/Category.swift; sourceTree = SOURCE_ROOT; };
		54E0370E2A9D43C100413F37 /* Game.swift */ = {isa = PBXFileReference; fileEncoding = 4; lastKnownFileType = sourcecode.swift; path = Game.swift; sourceTree = "<group>"; };
		54EEEFDA2A9E31AE003256BC /* Player.swift */ = {isa = PBXFileReference; fileEncoding = 4; lastKnownFileType = sourcecode.swift; path = Player.swift; sourceTree = "<group>"; };
		54EEEFDC2A9E31B7003256BC /* AddPlayerView.swift */ = {isa = PBXFileReference; fileEncoding = 4; lastKnownFileType = sourcecode.swift; path = AddPlayerView.swift; sourceTree = "<group>"; };
		54EEEFDD2A9E31B7003256BC /* GameListView.swift */ = {isa = PBXFileReference; fileEncoding = 4; lastKnownFileType = sourcecode.swift; path = GameListView.swift; sourceTree = "<group>"; };
		54EEEFE02A9F64CF003256BC /* PlayerManager.swift */ = {isa = PBXFileReference; lastKnownFileType = sourcecode.swift; path = PlayerManager.swift; sourceTree = "<group>"; };
		5A08EF742A9CD6AD001B0411 /* TimerView.swift */ = {isa = PBXFileReference; lastKnownFileType = sourcecode.swift; path = TimerView.swift; sourceTree = "<group>"; };
		81683E782AA75AB00046064F /* PrimaryButton.swift */ = {isa = PBXFileReference; lastKnownFileType = sourcecode.swift; path = PrimaryButton.swift; sourceTree = "<group>"; };
		81683E7A2AA75D430046064F /* Grandstander */ = {isa = PBXFileReference; lastKnownFileType = folder; path = Grandstander; sourceTree = "<group>"; };
		81683E7D2AA75F390046064F /* Info.plist */ = {isa = PBXFileReference; lastKnownFileType = text.plist; path = Info.plist; sourceTree = "<group>"; };
		8187ACA02AA76012006E0E1B /* Grandstander-Bold.ttf */ = {isa = PBXFileReference; lastKnownFileType = file; path = "Grandstander-Bold.ttf"; sourceTree = "<group>"; };
		81C1F3602A9E330B001A15AB /* SceneManager.swift */ = {isa = PBXFileReference; lastKnownFileType = sourcecode.swift; path = SceneManager.swift; sourceTree = "<group>"; };
		81C1F3622A9E3317001A15AB /* SceneManagerView.swift */ = {isa = PBXFileReference; lastKnownFileType = sourcecode.swift; path = SceneManagerView.swift; sourceTree = "<group>"; };
		81E6F3642AA760E400ABFDE0 /* Grandstander-VariableFont_wght.ttf */ = {isa = PBXFileReference; lastKnownFileType = file; path = "Grandstander-VariableFont_wght.ttf"; sourceTree = "<group>"; };
		81E6F3672AA7670D00ABFDE0 /* SecondaryButton.swift */ = {isa = PBXFileReference; lastKnownFileType = sourcecode.swift; path = SecondaryButton.swift; sourceTree = "<group>"; };
		81E9AF7D2AA25BB700298A52 /* Top10.swift */ = {isa = PBXFileReference; lastKnownFileType = sourcecode.swift; path = Top10.swift; sourceTree = "<group>"; };
		81E9AF7F2AA2718400298A52 /* Top10View.swift */ = {isa = PBXFileReference; lastKnownFileType = sourcecode.swift; path = Top10View.swift; sourceTree = "<group>"; };
/* End PBXFileReference section */

/* Begin PBXFrameworksBuildPhase section */
		54C9D88E2A83D8750038968C /* Frameworks */ = {
			isa = PBXFrameworksBuildPhase;
			buildActionMask = 2147483647;
			files = (
			);
			runOnlyForDeploymentPostprocessing = 0;
		};
/* End PBXFrameworksBuildPhase section */

/* Begin PBXGroup section */
		54C9D8882A83D8750038968C = {
			isa = PBXGroup;
			children = (
				54C9D8932A83D8750038968C /* Mini2 */,
				54C9D8922A83D8750038968C /* Products */,
			);
			sourceTree = "<group>";
		};
		54C9D8922A83D8750038968C /* Products */ = {
			isa = PBXGroup;
			children = (
				54C9D8912A83D8750038968C /* Mini2.app */,
			);
			name = Products;
			sourceTree = "<group>";
		};
		54C9D8932A83D8750038968C /* Mini2 */ = {
			isa = PBXGroup;
			children = (
				8187ACA02AA76012006E0E1B /* Grandstander-Bold.ttf */,
				81683E7D2AA75F390046064F /* Info.plist */,
				81E6F3642AA760E400ABFDE0 /* Grandstander-VariableFont_wght.ttf */,
				81683E772AA75A960046064F /* Components */,
				81E9AF7C2AA25B8B00298A52 /* Repositories */,
				54E037102A9D43CB00413F37 /* Classes */,
				54E037032A9CD72600413F37 /* Views */,
				54C9D8942A83D8750038968C /* Mini2App.swift */,
				54C9D8982A83D8760038968C /* Assets.xcassets */,
				54C9D89A2A83D8760038968C /* Preview Content */,
			);
			path = Mini2;
			sourceTree = "<group>";
		};
		54C9D89A2A83D8760038968C /* Preview Content */ = {
			isa = PBXGroup;
			children = (
				54C9D89B2A83D8760038968C /* Preview Assets.xcassets */,
			);
			path = "Preview Content";
			sourceTree = "<group>";
		};
		54E037032A9CD72600413F37 /* Views */ = {
			isa = PBXGroup;
			children = (
				255C15432A9CE35A003C777D /* FimView.swift */,
				5A08EF742A9CD6AD001B0411 /* TimerView.swift */,
				54EEEFDC2A9E31B7003256BC /* AddPlayerView.swift */,
				81E9AF7F2AA2718400298A52 /* Top10View.swift */,
				54EEEFDD2A9E31B7003256BC /* GameListView.swift */,
				54E037062A9D42C300413F37 /* RulesAndInfoView.swift */,
				81C1F3622A9E3317001A15AB /* SceneManagerView.swift */,
				54E037042A9CD75400413F37 /* SelectKingView.swift */,
			);
			path = Views;
			sourceTree = "<group>";
		};
		54E037102A9D43CB00413F37 /* Classes */ = {
			isa = PBXGroup;
			children = (
				54E037092A9D42E200413F37 /* Category.swift */,
				54E0370E2A9D43C100413F37 /* Game.swift */,
				256EA4892A9E179C00F0F103 /* GameRepository.swift */,
				81C1F3602A9E330B001A15AB /* SceneManager.swift */,
				54EEEFDA2A9E31AE003256BC /* Player.swift */,
				54EEEFE02A9F64CF003256BC /* PlayerManager.swift */,
			);
			path = Classes;
			sourceTree = "<group>";
		};
		81683E772AA75A960046064F /* Components */ = {
			isa = PBXGroup;
			children = (
				81683E7A2AA75D430046064F /* Grandstander */,
				81683E782AA75AB00046064F /* PrimaryButton.swift */,
				81E6F3672AA7670D00ABFDE0 /* SecondaryButton.swift */,
			);
			path = Components;
			sourceTree = "<group>";
		};
		81E9AF7C2AA25B8B00298A52 /* Repositories */ = {
			isa = PBXGroup;
			children = (
				81E9AF7D2AA25BB700298A52 /* Top10.swift */,
			);
			path = Repositories;
			sourceTree = "<group>";
		};
/* End PBXGroup section */

/* Begin PBXNativeTarget section */
		54C9D8902A83D8750038968C /* Mini2 */ = {
			isa = PBXNativeTarget;
			buildConfigurationList = 54C9D89F2A83D8760038968C /* Build configuration list for PBXNativeTarget "Mini2" */;
			buildPhases = (
				54C9D88D2A83D8750038968C /* Sources */,
				54C9D88E2A83D8750038968C /* Frameworks */,
				54C9D88F2A83D8750038968C /* Resources */,
			);
			buildRules = (
			);
			dependencies = (
			);
			name = Mini2;
			productName = Mini2;
			productReference = 54C9D8912A83D8750038968C /* Mini2.app */;
			productType = "com.apple.product-type.application";
		};
/* End PBXNativeTarget section */

/* Begin PBXProject section */
		54C9D8892A83D8750038968C /* Project object */ = {
			isa = PBXProject;
			attributes = {
				BuildIndependentTargetsInParallel = 1;
				LastSwiftUpdateCheck = 1430;
				LastUpgradeCheck = 1430;
				TargetAttributes = {
					54C9D8902A83D8750038968C = {
						CreatedOnToolsVersion = 14.3;
					};
				};
			};
			buildConfigurationList = 54C9D88C2A83D8750038968C /* Build configuration list for PBXProject "Mini2" */;
			compatibilityVersion = "Xcode 14.0";
			developmentRegion = en;
			hasScannedForEncodings = 0;
			knownRegions = (
				en,
				Base,
			);
			mainGroup = 54C9D8882A83D8750038968C;
			productRefGroup = 54C9D8922A83D8750038968C /* Products */;
			projectDirPath = "";
			projectRoot = "";
			targets = (
				54C9D8902A83D8750038968C /* Mini2 */,
			);
		};
/* End PBXProject section */

/* Begin PBXResourcesBuildPhase section */
		54C9D88F2A83D8750038968C /* Resources */ = {
			isa = PBXResourcesBuildPhase;
			buildActionMask = 2147483647;
			files = (
				81E6F3662AA7644B00ABFDE0 /* Grandstander-Bold.ttf in Resources */,
				81683E7B2AA75D430046064F /* Grandstander in Resources */,
				54C9D89C2A83D8760038968C /* Preview Assets.xcassets in Resources */,
				81E6F3652AA760E400ABFDE0 /* Grandstander-VariableFont_wght.ttf in Resources */,
				54C9D8992A83D8760038968C /* Assets.xcassets in Resources */,
			);
			runOnlyForDeploymentPostprocessing = 0;
		};
/* End PBXResourcesBuildPhase section */

/* Begin PBXSourcesBuildPhase section */
		54C9D88D2A83D8750038968C /* Sources */ = {
			isa = PBXSourcesBuildPhase;
			buildActionMask = 2147483647;
			files = (
				81E6F3682AA7670D00ABFDE0 /* SecondaryButton.swift in Sources */,
				81683E792AA75AB00046064F /* PrimaryButton.swift in Sources */,
				54E037072A9D42C300413F37 /* RulesAndInfoView.swift in Sources */,
				255C15442A9CE35A003C777D /* FimView.swift in Sources */,
				54EEEFDF2A9E31B7003256BC /* GameListView.swift in Sources */,
				54E0370F2A9D43C100413F37 /* Game.swift in Sources */,
				5A08EF752A9CD6AD001B0411 /* TimerView.swift in Sources */,
				81E9AF802AA2718400298A52 /* Top10View.swift in Sources */,
				54EEEFE12A9F64CF003256BC /* PlayerManager.swift in Sources */,
				54EEEFDE2A9E31B7003256BC /* AddPlayerView.swift in Sources */,
				54C9D8952A83D8750038968C /* Mini2App.swift in Sources */,
				54E037052A9CD75400413F37 /* SelectKingView.swift in Sources */,
				256EA48A2A9E179C00F0F103 /* GameRepository.swift in Sources */,
				81E9AF7E2AA25BB700298A52 /* Top10.swift in Sources */,
				54E0370B2A9D42E200413F37 /* Category.swift in Sources */,
				54EEEFDB2A9E31AE003256BC /* Player.swift in Sources */,
				81C1F3612A9E330B001A15AB /* SceneManager.swift in Sources */,
				81C1F3632A9E3317001A15AB /* SceneManagerView.swift in Sources */,
			);
			runOnlyForDeploymentPostprocessing = 0;
		};
/* End PBXSourcesBuildPhase section */

/* Begin XCBuildConfiguration section */
		54C9D89D2A83D8760038968C /* Debug */ = {
			isa = XCBuildConfiguration;
			buildSettings = {
				ALWAYS_SEARCH_USER_PATHS = NO;
				CLANG_ANALYZER_NONNULL = YES;
				CLANG_ANALYZER_NUMBER_OBJECT_CONVERSION = YES_AGGRESSIVE;
				CLANG_CXX_LANGUAGE_STANDARD = "gnu++20";
				CLANG_ENABLE_MODULES = YES;
				CLANG_ENABLE_OBJC_ARC = YES;
				CLANG_ENABLE_OBJC_WEAK = YES;
				CLANG_WARN_BLOCK_CAPTURE_AUTORELEASING = YES;
				CLANG_WARN_BOOL_CONVERSION = YES;
				CLANG_WARN_COMMA = YES;
				CLANG_WARN_CONSTANT_CONVERSION = YES;
				CLANG_WARN_DEPRECATED_OBJC_IMPLEMENTATIONS = YES;
				CLANG_WARN_DIRECT_OBJC_ISA_USAGE = YES_ERROR;
				CLANG_WARN_DOCUMENTATION_COMMENTS = YES;
				CLANG_WARN_EMPTY_BODY = YES;
				CLANG_WARN_ENUM_CONVERSION = YES;
				CLANG_WARN_INFINITE_RECURSION = YES;
				CLANG_WARN_INT_CONVERSION = YES;
				CLANG_WARN_NON_LITERAL_NULL_CONVERSION = YES;
				CLANG_WARN_OBJC_IMPLICIT_RETAIN_SELF = YES;
				CLANG_WARN_OBJC_LITERAL_CONVERSION = YES;
				CLANG_WARN_OBJC_ROOT_CLASS = YES_ERROR;
				CLANG_WARN_QUOTED_INCLUDE_IN_FRAMEWORK_HEADER = YES;
				CLANG_WARN_RANGE_LOOP_ANALYSIS = YES;
				CLANG_WARN_STRICT_PROTOTYPES = YES;
				CLANG_WARN_SUSPICIOUS_MOVE = YES;
				CLANG_WARN_UNGUARDED_AVAILABILITY = YES_AGGRESSIVE;
				CLANG_WARN_UNREACHABLE_CODE = YES;
				CLANG_WARN__DUPLICATE_METHOD_MATCH = YES;
				COPY_PHASE_STRIP = NO;
				DEBUG_INFORMATION_FORMAT = dwarf;
				ENABLE_STRICT_OBJC_MSGSEND = YES;
				ENABLE_TESTABILITY = YES;
				GCC_C_LANGUAGE_STANDARD = gnu11;
				GCC_DYNAMIC_NO_PIC = NO;
				GCC_NO_COMMON_BLOCKS = YES;
				GCC_OPTIMIZATION_LEVEL = 0;
				GCC_PREPROCESSOR_DEFINITIONS = (
					"DEBUG=1",
					"$(inherited)",
				);
				GCC_WARN_64_TO_32_BIT_CONVERSION = YES;
				GCC_WARN_ABOUT_RETURN_TYPE = YES_ERROR;
				GCC_WARN_UNDECLARED_SELECTOR = YES;
				GCC_WARN_UNINITIALIZED_AUTOS = YES_AGGRESSIVE;
				GCC_WARN_UNUSED_FUNCTION = YES;
				GCC_WARN_UNUSED_VARIABLE = YES;
				IPHONEOS_DEPLOYMENT_TARGET = 16.4;
				MTL_ENABLE_DEBUG_INFO = INCLUDE_SOURCE;
				MTL_FAST_MATH = YES;
				ONLY_ACTIVE_ARCH = YES;
				SDKROOT = iphoneos;
				SWIFT_ACTIVE_COMPILATION_CONDITIONS = DEBUG;
				SWIFT_OPTIMIZATION_LEVEL = "-Onone";
			};
			name = Debug;
		};
		54C9D89E2A83D8760038968C /* Release */ = {
			isa = XCBuildConfiguration;
			buildSettings = {
				ALWAYS_SEARCH_USER_PATHS = NO;
				CLANG_ANALYZER_NONNULL = YES;
				CLANG_ANALYZER_NUMBER_OBJECT_CONVERSION = YES_AGGRESSIVE;
				CLANG_CXX_LANGUAGE_STANDARD = "gnu++20";
				CLANG_ENABLE_MODULES = YES;
				CLANG_ENABLE_OBJC_ARC = YES;
				CLANG_ENABLE_OBJC_WEAK = YES;
				CLANG_WARN_BLOCK_CAPTURE_AUTORELEASING = YES;
				CLANG_WARN_BOOL_CONVERSION = YES;
				CLANG_WARN_COMMA = YES;
				CLANG_WARN_CONSTANT_CONVERSION = YES;
				CLANG_WARN_DEPRECATED_OBJC_IMPLEMENTATIONS = YES;
				CLANG_WARN_DIRECT_OBJC_ISA_USAGE = YES_ERROR;
				CLANG_WARN_DOCUMENTATION_COMMENTS = YES;
				CLANG_WARN_EMPTY_BODY = YES;
				CLANG_WARN_ENUM_CONVERSION = YES;
				CLANG_WARN_INFINITE_RECURSION = YES;
				CLANG_WARN_INT_CONVERSION = YES;
				CLANG_WARN_NON_LITERAL_NULL_CONVERSION = YES;
				CLANG_WARN_OBJC_IMPLICIT_RETAIN_SELF = YES;
				CLANG_WARN_OBJC_LITERAL_CONVERSION = YES;
				CLANG_WARN_OBJC_ROOT_CLASS = YES_ERROR;
				CLANG_WARN_QUOTED_INCLUDE_IN_FRAMEWORK_HEADER = YES;
				CLANG_WARN_RANGE_LOOP_ANALYSIS = YES;
				CLANG_WARN_STRICT_PROTOTYPES = YES;
				CLANG_WARN_SUSPICIOUS_MOVE = YES;
				CLANG_WARN_UNGUARDED_AVAILABILITY = YES_AGGRESSIVE;
				CLANG_WARN_UNREACHABLE_CODE = YES;
				CLANG_WARN__DUPLICATE_METHOD_MATCH = YES;
				COPY_PHASE_STRIP = NO;
				DEBUG_INFORMATION_FORMAT = "dwarf-with-dsym";
				ENABLE_NS_ASSERTIONS = NO;
				ENABLE_STRICT_OBJC_MSGSEND = YES;
				GCC_C_LANGUAGE_STANDARD = gnu11;
				GCC_NO_COMMON_BLOCKS = YES;
				GCC_WARN_64_TO_32_BIT_CONVERSION = YES;
				GCC_WARN_ABOUT_RETURN_TYPE = YES_ERROR;
				GCC_WARN_UNDECLARED_SELECTOR = YES;
				GCC_WARN_UNINITIALIZED_AUTOS = YES_AGGRESSIVE;
				GCC_WARN_UNUSED_FUNCTION = YES;
				GCC_WARN_UNUSED_VARIABLE = YES;
				IPHONEOS_DEPLOYMENT_TARGET = 16.4;
				MTL_ENABLE_DEBUG_INFO = NO;
				MTL_FAST_MATH = YES;
				SDKROOT = iphoneos;
				SWIFT_COMPILATION_MODE = wholemodule;
				SWIFT_OPTIMIZATION_LEVEL = "-O";
				VALIDATE_PRODUCT = YES;
			};
			name = Release;
		};
		54C9D8A02A83D8760038968C /* Debug */ = {
			isa = XCBuildConfiguration;
			buildSettings = {
				ASSETCATALOG_COMPILER_APPICON_NAME = AppIcon;
				ASSETCATALOG_COMPILER_GLOBAL_ACCENT_COLOR_NAME = AccentColor;
				CODE_SIGN_STYLE = Automatic;
				CURRENT_PROJECT_VERSION = 1;
				DEVELOPMENT_ASSET_PATHS = "\"Mini2/Preview Content\"";
				DEVELOPMENT_TEAM = Q379URF792;
				ENABLE_PREVIEWS = YES;
				GENERATE_INFOPLIST_FILE = YES;
				INFOPLIST_FILE = Mini2/Info.plist;
				INFOPLIST_KEY_UIApplicationSceneManifest_Generation = YES;
				INFOPLIST_KEY_UIApplicationSupportsIndirectInputEvents = YES;
				INFOPLIST_KEY_UILaunchScreen_Generation = YES;
				INFOPLIST_KEY_UISupportedInterfaceOrientations_iPad = "UIInterfaceOrientationPortrait UIInterfaceOrientationPortraitUpsideDown UIInterfaceOrientationLandscapeLeft UIInterfaceOrientationLandscapeRight";
				INFOPLIST_KEY_UISupportedInterfaceOrientations_iPhone = "UIInterfaceOrientationPortrait UIInterfaceOrientationLandscapeLeft UIInterfaceOrientationLandscapeRight";
				LD_RUNPATH_SEARCH_PATHS = (
					"$(inherited)",
					"@executable_path/Frameworks",
				);
				MARKETING_VERSION = 1.0;
				PRODUCT_BUNDLE_IDENTIFIER = TaoTaoDistante.Mini2;
				PRODUCT_NAME = "$(TARGET_NAME)";
				SWIFT_EMIT_LOC_STRINGS = YES;
				SWIFT_VERSION = 5.0;
				TARGETED_DEVICE_FAMILY = "1,2";
			};
			name = Debug;
		};
		54C9D8A12A83D8760038968C /* Release */ = {
			isa = XCBuildConfiguration;
			buildSettings = {
				ASSETCATALOG_COMPILER_APPICON_NAME = AppIcon;
				ASSETCATALOG_COMPILER_GLOBAL_ACCENT_COLOR_NAME = AccentColor;
				CODE_SIGN_STYLE = Automatic;
				CURRENT_PROJECT_VERSION = 1;
				DEVELOPMENT_ASSET_PATHS = "\"Mini2/Preview Content\"";
				DEVELOPMENT_TEAM = Q379URF792;
				ENABLE_PREVIEWS = YES;
				GENERATE_INFOPLIST_FILE = YES;
				INFOPLIST_FILE = Mini2/Info.plist;
				INFOPLIST_KEY_UIApplicationSceneManifest_Generation = YES;
				INFOPLIST_KEY_UIApplicationSupportsIndirectInputEvents = YES;
				INFOPLIST_KEY_UILaunchScreen_Generation = YES;
				INFOPLIST_KEY_UISupportedInterfaceOrientations_iPad = "UIInterfaceOrientationPortrait UIInterfaceOrientationPortraitUpsideDown UIInterfaceOrientationLandscapeLeft UIInterfaceOrientationLandscapeRight";
				INFOPLIST_KEY_UISupportedInterfaceOrientations_iPhone = "UIInterfaceOrientationPortrait UIInterfaceOrientationLandscapeLeft UIInterfaceOrientationLandscapeRight";
				LD_RUNPATH_SEARCH_PATHS = (
					"$(inherited)",
					"@executable_path/Frameworks",
				);
				MARKETING_VERSION = 1.0;
				PRODUCT_BUNDLE_IDENTIFIER = TaoTaoDistante.Mini2;
				PRODUCT_NAME = "$(TARGET_NAME)";
				SWIFT_EMIT_LOC_STRINGS = YES;
				SWIFT_VERSION = 5.0;
				TARGETED_DEVICE_FAMILY = "1,2";
			};
			name = Release;
		};
/* End XCBuildConfiguration section */

/* Begin XCConfigurationList section */
		54C9D88C2A83D8750038968C /* Build configuration list for PBXProject "Mini2" */ = {
			isa = XCConfigurationList;
			buildConfigurations = (
				54C9D89D2A83D8760038968C /* Debug */,
				54C9D89E2A83D8760038968C /* Release */,
			);
			defaultConfigurationIsVisible = 0;
			defaultConfigurationName = Release;
		};
		54C9D89F2A83D8760038968C /* Build configuration list for PBXNativeTarget "Mini2" */ = {
			isa = XCConfigurationList;
			buildConfigurations = (
				54C9D8A02A83D8760038968C /* Debug */,
				54C9D8A12A83D8760038968C /* Release */,
			);
			defaultConfigurationIsVisible = 0;
			defaultConfigurationName = Release;
		};
/* End XCConfigurationList section */
	};
	rootObject = 54C9D8892A83D8750038968C /* Project object */;
}
